
Microsoft Visual Studio Solution File, Format Version 12.00
# Visual Studio Version 17
VisualStudioVersion = 17.1.32421.90
MinimumVisualStudioVersion = 10.0.40219.1
Project("{FAE04EC0-301F-11D3-BF4B-00C04F79EFBC}") = "Demo", "Demo\Demo.csproj", "{01325645-C245-44D3-91FF-A2D0D99FAF91}"
EndProject
Global
	GlobalSection(SolutionConfigurationPlatforms) = preSolution
		Debug|Any CPU = Debug|Any CPU
		Release|Any CPU = Release|Any CPU
	EndGlobalSection
	GlobalSection(ProjectConfigurationPlatforms) = postSolution
		{01325645-C245-44D3-91FF-A2D0D99FAF91}.Debug|Any CPU.ActiveCfg = Debug|Any CPU
		{01325645-C245-44D3-91FF-A2D0D99FAF91}.Debug|Any CPU.Build.0 = Debug|Any CPU
		{01325645-C245-44D3-91FF-A2D0D99FAF91}.Release|Any CPU.ActiveCfg = Release|Any CPU
		{01325645-C245-44D3-91FF-A2D0D99FAF91}.Release|Any CPU.Build.0 = Release|Any CPU
	EndGlobalSection
	GlobalSection(SolutionProperties) = preSolution
		HideSolutionNode = FALSE
	EndGlobalSection
	GlobalSection(ExtensibilityGlobals) = postSolution
		SolutionGuid = {622BBE43-F7B4-41A8-B415-8D387743B6CC}
	EndGlobalSection
EndGlobal
